
Microsoft Visual Studio Solution File, Format Version 12.00
# Visual Studio 15
Project("{FAE04EC0-301F-11D3-BF4B-00C04F79EFBC}") = "Assembly-CSharp", "Assembly-CSharp.csproj", "{222992A0-FE73-A3C5-A740-F6A5AC05CFDF}"
EndProject
Project("{FAE04EC0-301F-11D3-BF4B-00C04F79EFBC}") = "Assembly-CSharp-Editor", "Assembly-CSharp-Editor.csproj", "{72118901-EF28-3CF6-F3F1-13CF5C88A0A2}"
EndProject
Global
	GlobalSection(SolutionConfigurationPlatforms) = preSolution
		Debug|Any CPU = Debug|Any CPU
		Release|Any CPU = Release|Any CPU
	EndGlobalSection
	GlobalSection(ProjectConfigurationPlatforms) = postSolution
		{222992A0-FE73-A3C5-A740-F6A5AC05CFDF}.Debug|Any CPU.ActiveCfg = Debug|Any CPU
		{222992A0-FE73-A3C5-A740-F6A5AC05CFDF}.Debug|Any CPU.Build.0 = Debug|Any CPU
		{222992A0-FE73-A3C5-A740-F6A5AC05CFDF}.Release|Any CPU.ActiveCfg = Release|Any CPU
		{222992A0-FE73-A3C5-A740-F6A5AC05CFDF}.Release|Any CPU.Build.0 = Release|Any CPU
		{72118901-EF28-3CF6-F3F1-13CF5C88A0A2}.Debug|Any CPU.ActiveCfg = Debug|Any CPU
		{72118901-EF28-3CF6-F3F1-13CF5C88A0A2}.Debug|Any CPU.Build.0 = Debug|Any CPU
		{72118901-EF28-3CF6-F3F1-13CF5C88A0A2}.Release|Any CPU.ActiveCfg = Release|Any CPU
		{72118901-EF28-3CF6-F3F1-13CF5C88A0A2}.Release|Any CPU.Build.0 = Release|Any CPU
	EndGlobalSection
	GlobalSection(SolutionProperties) = preSolution
		HideSolutionNode = FALSE
	EndGlobalSection
EndGlobal
